
Microsoft Visual Studio Solution File, Format Version 12.00
# Visual Studio 15
VisualStudioVersion = 15.0.27428.2043
MinimumVisualStudioVersion = 10.0.40219.1
Project("{FAE04EC0-301F-11D3-BF4B-00C04F79EFBC}") = "WordsFinder", "WordsFinder\WordsFinder.csproj", "{C54E33BA-AF60-4861-80CE-D71FE07849BC}"
EndProject
Global
	GlobalSection(SolutionConfigurationPlatforms) = preSolution
		Debug|Any CPU = Debug|Any CPU
		Release|Any CPU = Release|Any CPU
	EndGlobalSection
	GlobalSection(ProjectConfigurationPlatforms) = postSolution
		{C54E33BA-AF60-4861-80CE-D71FE07849BC}.Debug|Any CPU.ActiveCfg = Debug|Any CPU
		{C54E33BA-AF60-4861-80CE-D71FE07849BC}.Debug|Any CPU.Build.0 = Debug|Any CPU
		{C54E33BA-AF60-4861-80CE-D71FE07849BC}.Release|Any CPU.ActiveCfg = Release|Any CPU
		{C54E33BA-AF60-4861-80CE-D71FE07849BC}.Release|Any CPU.Build.0 = Release|Any CPU
	EndGlobalSection
	GlobalSection(SolutionProperties) = preSolution
		HideSolutionNode = FALSE
	EndGlobalSection
	GlobalSection(ExtensibilityGlobals) = postSolution
		SolutionGuid = {0B964329-7679-4E2E-8CFB-9AA8D14F92DC}
	EndGlobalSection
EndGlobal
